// !$*UTF8*$!
{
	archiveVersion = 1;
	classes = {
	};
	objectVersion = 50;
	objects = {

/* Begin PBXBuildFile section */
		BCB6ADCD228CC5FD00A581A8 /* EpisodesViewController.swift in Sources */ = {isa = PBXBuildFile; fileRef = BCB6ADCC228CC5FD00A581A8 /* EpisodesViewController.swift */; };
		BCB6ADCF228DAA8800A581A8 /* TheSplitController.swift in Sources */ = {isa = PBXBuildFile; fileRef = BCB6ADCE228DAA8800A581A8 /* TheSplitController.swift */; };
		BCB6ADD1228DFE5800A581A8 /* Episode.swift in Sources */ = {isa = PBXBuildFile; fileRef = BCB6ADD0228DFE5800A581A8 /* Episode.swift */; };
		BCB6ADD32298708800A581A8 /* EpisodeCell.swift in Sources */ = {isa = PBXBuildFile; fileRef = BCB6ADD22298708800A581A8 /* EpisodeCell.swift */; };
		BCE22F6E228B22AB0005037A /* AppDelegate.swift in Sources */ = {isa = PBXBuildFile; fileRef = BCE22F6D228B22AB0005037A /* AppDelegate.swift */; };
		BCE22F73228B22AB0005037A /* Podcast_Player.xcdatamodeld in Sources */ = {isa = PBXBuildFile; fileRef = BCE22F71228B22AB0005037A /* Podcast_Player.xcdatamodeld */; };
		BCE22F75228B22AF0005037A /* Assets.xcassets in Resources */ = {isa = PBXBuildFile; fileRef = BCE22F74228B22AF0005037A /* Assets.xcassets */; };
		BCE22F78228B22AF0005037A /* Main.storyboard in Resources */ = {isa = PBXBuildFile; fileRef = BCE22F76228B22AF0005037A /* Main.storyboard */; };
		BCE22F81228B5CA60005037A /* PodcastViewController.swift in Sources */ = {isa = PBXBuildFile; fileRef = BCE22F80228B5CA60005037A /* PodcastViewController.swift */; };
		BCE22F85228B71010005037A /* Parser.swift in Sources */ = {isa = PBXBuildFile; fileRef = BCE22F84228B71010005037A /* Parser.swift */; };
		BCE22F8D228B76060005037A /* SWXMLHash.swift in Sources */ = {isa = PBXBuildFile; fileRef = BCE22F8B228B76060005037A /* SWXMLHash.swift */; };
		BCE22F8E228B76060005037A /* XMLIndexer+XMLIndexerDeserializable.swift in Sources */ = {isa = PBXBuildFile; fileRef = BCE22F8C228B76060005037A /* XMLIndexer+XMLIndexerDeserializable.swift */; };
/* End PBXBuildFile section */

/* Begin PBXFileReference section */
		BCB6ADCC228CC5FD00A581A8 /* EpisodesViewController.swift */ = {isa = PBXFileReference; lastKnownFileType = sourcecode.swift; path = EpisodesViewController.swift; sourceTree = "<group>"; };
		BCB6ADCE228DAA8800A581A8 /* TheSplitController.swift */ = {isa = PBXFileReference; lastKnownFileType = sourcecode.swift; path = TheSplitController.swift; sourceTree = "<group>"; };
		BCB6ADD0228DFE5800A581A8 /* Episode.swift */ = {isa = PBXFileReference; lastKnownFileType = sourcecode.swift; path = Episode.swift; sourceTree = "<group>"; };
		BCB6ADD22298708800A581A8 /* EpisodeCell.swift */ = {isa = PBXFileReference; lastKnownFileType = sourcecode.swift; path = EpisodeCell.swift; sourceTree = "<group>"; };
		BCE22F6A228B22AB0005037A /* Podcast Player.app */ = {isa = PBXFileReference; explicitFileType = wrapper.application; includeInIndex = 0; path = "Podcast Player.app"; sourceTree = BUILT_PRODUCTS_DIR; };
		BCE22F6D228B22AB0005037A /* AppDelegate.swift */ = {isa = PBXFileReference; lastKnownFileType = sourcecode.swift; path = AppDelegate.swift; sourceTree = "<group>"; };
		BCE22F72228B22AB0005037A /* Podcast_Player.xcdatamodel */ = {isa = PBXFileReference; lastKnownFileType = wrapper.xcdatamodel; path = Podcast_Player.xcdatamodel; sourceTree = "<group>"; };
		BCE22F74228B22AF0005037A /* Assets.xcassets */ = {isa = PBXFileReference; lastKnownFileType = folder.assetcatalog; path = Assets.xcassets; sourceTree = "<group>"; };
		BCE22F77228B22AF0005037A /* Base */ = {isa = PBXFileReference; lastKnownFileType = file.storyboard; name = Base; path = Base.lproj/Main.storyboard; sourceTree = "<group>"; };
		BCE22F79228B22AF0005037A /* Info.plist */ = {isa = PBXFileReference; lastKnownFileType = text.plist.xml; path = Info.plist; sourceTree = "<group>"; };
		BCE22F7A228B22AF0005037A /* Podcast_Player.entitlements */ = {isa = PBXFileReference; lastKnownFileType = text.plist.entitlements; path = Podcast_Player.entitlements; sourceTree = "<group>"; };
		BCE22F80228B5CA60005037A /* PodcastViewController.swift */ = {isa = PBXFileReference; lastKnownFileType = sourcecode.swift; path = PodcastViewController.swift; sourceTree = "<group>"; };
		BCE22F84228B71010005037A /* Parser.swift */ = {isa = PBXFileReference; lastKnownFileType = sourcecode.swift; path = Parser.swift; sourceTree = "<group>"; };
		BCE22F8B228B76060005037A /* SWXMLHash.swift */ = {isa = PBXFileReference; fileEncoding = 4; lastKnownFileType = sourcecode.swift; path = SWXMLHash.swift; sourceTree = "<group>"; };
		BCE22F8C228B76060005037A /* XMLIndexer+XMLIndexerDeserializable.swift */ = {isa = PBXFileReference; fileEncoding = 4; lastKnownFileType = sourcecode.swift; path = "XMLIndexer+XMLIndexerDeserializable.swift"; sourceTree = "<group>"; };
/* End PBXFileReference section */

/* Begin PBXFrameworksBuildPhase section */
		BCE22F67228B22AB0005037A /* Frameworks */ = {
			isa = PBXFrameworksBuildPhase;
			buildActionMask = 2147483647;
			files = (
			);
			runOnlyForDeploymentPostprocessing = 0;
		};
/* End PBXFrameworksBuildPhase section */

/* Begin PBXGroup section */
		BCE22F61228B22AB0005037A = {
			isa = PBXGroup;
			children = (
				BCE22F6C228B22AB0005037A /* Podcast Player */,
				BCE22F6B228B22AB0005037A /* Products */,
			);
			sourceTree = "<group>";
		};
		BCE22F6B228B22AB0005037A /* Products */ = {
			isa = PBXGroup;
			children = (
				BCE22F6A228B22AB0005037A /* Podcast Player.app */,
			);
			name = Products;
			sourceTree = "<group>";
		};
		BCE22F6C228B22AB0005037A /* Podcast Player */ = {
			isa = PBXGroup;
			children = (
				BCE22F8A228B76060005037A /* SWXMLHash */,
				BCE22F6D228B22AB0005037A /* AppDelegate.swift */,
				BCE22F80228B5CA60005037A /* PodcastViewController.swift */,
				BCB6ADCC228CC5FD00A581A8 /* EpisodesViewController.swift */,
				BCB6ADD22298708800A581A8 /* EpisodeCell.swift */,
				BCB6ADCE228DAA8800A581A8 /* TheSplitController.swift */,
				BCE22F84228B71010005037A /* Parser.swift */,
				BCB6ADD0228DFE5800A581A8 /* Episode.swift */,
				BCE22F76228B22AF0005037A /* Main.storyboard */,
				BCE22F74228B22AF0005037A /* Assets.xcassets */,
				BCE22F79228B22AF0005037A /* Info.plist */,
				BCE22F7A228B22AF0005037A /* Podcast_Player.entitlements */,
				BCE22F71228B22AB0005037A /* Podcast_Player.xcdatamodeld */,
			);
			path = "Podcast Player";
			sourceTree = "<group>";
		};
		BCE22F8A228B76060005037A /* SWXMLHash */ = {
			isa = PBXGroup;
			children = (
				BCE22F8B228B76060005037A /* SWXMLHash.swift */,
				BCE22F8C228B76060005037A /* XMLIndexer+XMLIndexerDeserializable.swift */,
			);
			path = SWXMLHash;
			sourceTree = "<group>";
		};
/* End PBXGroup section */

/* Begin PBXNativeTarget section */
		BCE22F69228B22AB0005037A /* Podcast Player */ = {
			isa = PBXNativeTarget;
			buildConfigurationList = BCE22F7D228B22AF0005037A /* Build configuration list for PBXNativeTarget "Podcast Player" */;
			buildPhases = (
				BCE22F66228B22AB0005037A /* Sources */,
				BCE22F67228B22AB0005037A /* Frameworks */,
				BCE22F68228B22AB0005037A /* Resources */,
			);
			buildRules = (
			);
			dependencies = (
			);
			name = "Podcast Player";
			productName = "Podcast Player";
			productReference = BCE22F6A228B22AB0005037A /* Podcast Player.app */;
			productType = "com.apple.product-type.application";
		};
/* End PBXNativeTarget section */

/* Begin PBXProject section */
		BCE22F62228B22AB0005037A /* Project object */ = {
			isa = PBXProject;
			attributes = {
				LastSwiftUpdateCheck = 1020;
				LastUpgradeCheck = 1020;
				ORGANIZATIONNAME = "Ledesma, Alejandra";
				TargetAttributes = {
					BCE22F69228B22AB0005037A = {
						CreatedOnToolsVersion = 10.2.1;
					};
				};
			};
			buildConfigurationList = BCE22F65228B22AB0005037A /* Build configuration list for PBXProject "Podcast Player" */;
			compatibilityVersion = "Xcode 9.3";
			developmentRegion = en;
			hasScannedForEncodings = 0;
			knownRegions = (
				en,
				Base,
			);
			mainGroup = BCE22F61228B22AB0005037A;
			productRefGroup = BCE22F6B228B22AB0005037A /* Products */;
			projectDirPath = "";
			projectRoot = "";
			targets = (
				BCE22F69228B22AB0005037A /* Podcast Player */,
			);
		};
/* End PBXProject section */

/* Begin PBXResourcesBuildPhase section */
		BCE22F68228B22AB0005037A /* Resources */ = {
			isa = PBXResourcesBuildPhase;
			buildActionMask = 2147483647;
			files = (
				BCE22F75228B22AF0005037A /* Assets.xcassets in Resources */,
				BCE22F78228B22AF0005037A /* Main.storyboard in Resources */,
			);
			runOnlyForDeploymentPostprocessing = 0;
		};
/* End PBXResourcesBuildPhase section */

/* Begin PBXSourcesBuildPhase section */
		BCE22F66228B22AB0005037A /* Sources */ = {
			isa = PBXSourcesBuildPhase;
			buildActionMask = 2147483647;
			files = (
				BCE22F85228B71010005037A /* Parser.swift in Sources */,
				BCE22F8E228B76060005037A /* XMLIndexer+XMLIndexerDeserializable.swift in Sources */,
				BCB6ADCD228CC5FD00A581A8 /* EpisodesViewController.swift in Sources */,
				BCE22F81228B5CA60005037A /* PodcastViewController.swift in Sources */,
				BCB6ADCF228DAA8800A581A8 /* TheSplitController.swift in Sources */,
				BCB6ADD32298708800A581A8 /* EpisodeCell.swift in Sources */,
				BCE22F73228B22AB0005037A /* Podcast_Player.xcdatamodeld in Sources */,
				BCE22F8D228B76060005037A /* SWXMLHash.swift in Sources */,
				BCB6ADD1228DFE5800A581A8 /* Episode.swift in Sources */,
				BCE22F6E228B22AB0005037A /* AppDelegate.swift in Sources */,
			);
			runOnlyForDeploymentPostprocessing = 0;
		};
/* End PBXSourcesBuildPhase section */

/* Begin PBXVariantGroup section */
		BCE22F76228B22AF0005037A /* Main.storyboard */ = {
			isa = PBXVariantGroup;
			children = (
				BCE22F77228B22AF0005037A /* Base */,
			);
			name = Main.storyboard;
			sourceTree = "<group>";
		};
/* End PBXVariantGroup section */

/* Begin XCBuildConfiguration section */
		BCE22F7B228B22AF0005037A /* Debug */ = {
			isa = XCBuildConfiguration;
			buildSettings = {
				ALWAYS_SEARCH_USER_PATHS = NO;
				CLANG_ANALYZER_NONNULL = YES;
				CLANG_ANALYZER_NUMBER_OBJECT_CONVERSION = YES_AGGRESSIVE;
				CLANG_CXX_LANGUAGE_STANDARD = "gnu++14";
				CLANG_CXX_LIBRARY = "libc++";
				CLANG_ENABLE_MODULES = YES;
				CLANG_ENABLE_OBJC_ARC = YES;
				CLANG_ENABLE_OBJC_WEAK = YES;
				CLANG_WARN_BLOCK_CAPTURE_AUTORELEASING = YES;
				CLANG_WARN_BOOL_CONVERSION = YES;
				CLANG_WARN_COMMA = YES;
				CLANG_WARN_CONSTANT_CONVERSION = YES;
				CLANG_WARN_DEPRECATED_OBJC_IMPLEMENTATIONS = YES;
				CLANG_WARN_DIRECT_OBJC_ISA_USAGE = YES_ERROR;
				CLANG_WARN_DOCUMENTATION_COMMENTS = YES;
				CLANG_WARN_EMPTY_BODY = YES;
				CLANG_WARN_ENUM_CONVERSION = YES;
				CLANG_WARN_INFINITE_RECURSION = YES;
				CLANG_WARN_INT_CONVERSION = YES;
				CLANG_WARN_NON_LITERAL_NULL_CONVERSION = YES;
				CLANG_WARN_OBJC_IMPLICIT_RETAIN_SELF = YES;
				CLANG_WARN_OBJC_LITERAL_CONVERSION = YES;
				CLANG_WARN_OBJC_ROOT_CLASS = YES_ERROR;
				CLANG_WARN_RANGE_LOOP_ANALYSIS = YES;
				CLANG_WARN_STRICT_PROTOTYPES = YES;
				CLANG_WARN_SUSPICIOUS_MOVE = YES;
				CLANG_WARN_UNGUARDED_AVAILABILITY = YES_AGGRESSIVE;
				CLANG_WARN_UNREACHABLE_CODE = YES;
				CLANG_WARN__DUPLICATE_METHOD_MATCH = YES;
				CODE_SIGN_IDENTITY = "Mac Developer";
				COPY_PHASE_STRIP = NO;
				DEBUG_INFORMATION_FORMAT = dwarf;
				ENABLE_STRICT_OBJC_MSGSEND = YES;
				ENABLE_TESTABILITY = YES;
				GCC_C_LANGUAGE_STANDARD = gnu11;
				GCC_DYNAMIC_NO_PIC = NO;
				GCC_NO_COMMON_BLOCKS = YES;
				GCC_OPTIMIZATION_LEVEL = 0;
				GCC_PREPROCESSOR_DEFINITIONS = (
					"DEBUG=1",
					"$(inherited)",
				);
				GCC_WARN_64_TO_32_BIT_CONVERSION = YES;
				GCC_WARN_ABOUT_RETURN_TYPE = YES_ERROR;
				GCC_WARN_UNDECLARED_SELECTOR = YES;
				GCC_WARN_UNINITIALIZED_AUTOS = YES_AGGRESSIVE;
				GCC_WARN_UNUSED_FUNCTION = YES;
				GCC_WARN_UNUSED_VARIABLE = YES;
				MACOSX_DEPLOYMENT_TARGET = 10.14;
				MTL_ENABLE_DEBUG_INFO = INCLUDE_SOURCE;
				MTL_FAST_MATH = YES;
				ONLY_ACTIVE_ARCH = YES;
				SDKROOT = macosx;
				SWIFT_ACTIVE_COMPILATION_CONDITIONS = DEBUG;
				SWIFT_OPTIMIZATION_LEVEL = "-Onone";
			};
			name = Debug;
		};
		BCE22F7C228B22AF0005037A /* Release */ = {
			isa = XCBuildConfiguration;
			buildSettings = {
				ALWAYS_SEARCH_USER_PATHS = NO;
				CLANG_ANALYZER_NONNULL = YES;
				CLANG_ANALYZER_NUMBER_OBJECT_CONVERSION = YES_AGGRESSIVE;
				CLANG_CXX_LANGUAGE_STANDARD = "gnu++14";
				CLANG_CXX_LIBRARY = "libc++";
				CLANG_ENABLE_MODULES = YES;
				CLANG_ENABLE_OBJC_ARC = YES;
				CLANG_ENABLE_OBJC_WEAK = YES;
				CLANG_WARN_BLOCK_CAPTURE_AUTORELEASING = YES;
				CLANG_WARN_BOOL_CONVERSION = YES;
				CLANG_WARN_COMMA = YES;
				CLANG_WARN_CONSTANT_CONVERSION = YES;
				CLANG_WARN_DEPRECATED_OBJC_IMPLEMENTATIONS = YES;
				CLANG_WARN_DIRECT_OBJC_ISA_USAGE = YES_ERROR;
				CLANG_WARN_DOCUMENTATION_COMMENTS = YES;
				CLANG_WARN_EMPTY_BODY = YES;
				CLANG_WARN_ENUM_CONVERSION = YES;
				CLANG_WARN_INFINITE_RECURSION = YES;
				CLANG_WARN_INT_CONVERSION = YES;
				CLANG_WARN_NON_LITERAL_NULL_CONVERSION = YES;
				CLANG_WARN_OBJC_IMPLICIT_RETAIN_SELF = YES;
				CLANG_WARN_OBJC_LITERAL_CONVERSION = YES;
				CLANG_WARN_OBJC_ROOT_CLASS = YES_ERROR;
				CLANG_WARN_RANGE_LOOP_ANALYSIS = YES;
				CLANG_WARN_STRICT_PROTOTYPES = YES;
				CLANG_WARN_SUSPICIOUS_MOVE = YES;
				CLANG_WARN_UNGUARDED_AVAILABILITY = YES_AGGRESSIVE;
				CLANG_WARN_UNREACHABLE_CODE = YES;
				CLANG_WARN__DUPLICATE_METHOD_MATCH = YES;
				CODE_SIGN_IDENTITY = "Mac Developer";
				COPY_PHASE_STRIP = NO;
				DEBUG_INFORMATION_FORMAT = "dwarf-with-dsym";
				ENABLE_NS_ASSERTIONS = NO;
				ENABLE_STRICT_OBJC_MSGSEND = YES;
				GCC_C_LANGUAGE_STANDARD = gnu11;
				GCC_NO_COMMON_BLOCKS = YES;
				GCC_WARN_64_TO_32_BIT_CONVERSION = YES;
				GCC_WARN_ABOUT_RETURN_TYPE = YES_ERROR;
				GCC_WARN_UNDECLARED_SELECTOR = YES;
				GCC_WARN_UNINITIALIZED_AUTOS = YES_AGGRESSIVE;
				GCC_WARN_UNUSED_FUNCTION = YES;
				GCC_WARN_UNUSED_VARIABLE = YES;
				MACOSX_DEPLOYMENT_TARGET = 10.14;
				MTL_ENABLE_DEBUG_INFO = NO;
				MTL_FAST_MATH = YES;
				SDKROOT = macosx;
				SWIFT_COMPILATION_MODE = wholemodule;
				SWIFT_OPTIMIZATION_LEVEL = "-O";
			};
			name = Release;
		};
		BCE22F7E228B22AF0005037A /* Debug */ = {
			isa = XCBuildConfiguration;
			buildSettings = {
				ASSETCATALOG_COMPILER_APPICON_NAME = AppIcon;
				CODE_SIGN_STYLE = Automatic;
				COMBINE_HIDPI_IMAGES = YES;
				DEVELOPMENT_TEAM = JT58Z7RC6J;
				INFOPLIST_FILE = "Podcast Player/Info.plist";
				LD_RUNPATH_SEARCH_PATHS = (
					"$(inherited)",
					"@executable_path/../Frameworks",
				);
				PRODUCT_BUNDLE_IDENTIFIER = "ale.Podcast-Player";
				PRODUCT_NAME = "$(TARGET_NAME)";
				SWIFT_VERSION = 5.0;
			};
			name = Debug;
		};
		BCE22F7F228B22AF0005037A /* Release */ = {
			isa = XCBuildConfiguration;
			buildSettings = {
				ASSETCATALOG_COMPILER_APPICON_NAME = AppIcon;
				CODE_SIGN_STYLE = Automatic;
				COMBINE_HIDPI_IMAGES = YES;
				DEVELOPMENT_TEAM = JT58Z7RC6J;
				INFOPLIST_FILE = "Podcast Player/Info.plist";
				LD_RUNPATH_SEARCH_PATHS = (
					"$(inherited)",
					"@executable_path/../Frameworks",
				);
				PRODUCT_BUNDLE_IDENTIFIER = "ale.Podcast-Player";
				PRODUCT_NAME = "$(TARGET_NAME)";
				SWIFT_VERSION = 5.0;
			};
			name = Release;
		};
/* End XCBuildConfiguration section */

/* Begin XCConfigurationList section */
		BCE22F65228B22AB0005037A /* Build configuration list for PBXProject "Podcast Player" */ = {
			isa = XCConfigurationList;
			buildConfigurations = (
				BCE22F7B228B22AF0005037A /* Debug */,
				BCE22F7C228B22AF0005037A /* Release */,
			);
			defaultConfigurationIsVisible = 0;
			defaultConfigurationName = Release;
		};
		BCE22F7D228B22AF0005037A /* Build configuration list for PBXNativeTarget "Podcast Player" */ = {
			isa = XCConfigurationList;
			buildConfigurations = (
				BCE22F7E228B22AF0005037A /* Debug */,
				BCE22F7F228B22AF0005037A /* Release */,
			);
			defaultConfigurationIsVisible = 0;
			defaultConfigurationName = Release;
		};
/* End XCConfigurationList section */

/* Begin XCVersionGroup section */
		BCE22F71228B22AB0005037A /* Podcast_Player.xcdatamodeld */ = {
			isa = XCVersionGroup;
			children = (
				BCE22F72228B22AB0005037A /* Podcast_Player.xcdatamodel */,
			);
			currentVersion = BCE22F72228B22AB0005037A /* Podcast_Player.xcdatamodel */;
			path = Podcast_Player.xcdatamodeld;
			sourceTree = "<group>";
			versionGroupType = wrapper.xcdatamodel;
		};
/* End XCVersionGroup section */
	};
	rootObject = BCE22F62228B22AB0005037A /* Project object */;
}
